{
  "lockfileVersion": 1,
  "workspaces": {
    "": {
      "name": "orchidrpc",
      "dependencies": {
        "orchidrpc": "github:happer64bit/orchidrpc",
      },
    },
    "packages/client": {
      "name": "@orchidrpc/client",
      "peerDependencies": {
        "typescript": "^5.0.0",
      },
    },
    "packages/server": {
      "name": "@orchidrpc/server",
      "peerDependencies": {
        "typescript": "^5.0.0",
      },
    },
  },
  "packages": {
    "@orchidrpc/client": ["@orchidrpc/client@workspace:packages/client"],

    "@orchidrpc/server": ["@orchidrpc/server@workspace:packages/server"],

    "orchidrpc": ["orchidrpc@github:happer64bit/orchidrpc#65dcd78", {}, "happer64bit-orchidrpc-65dcd78"],

    "typescript": ["typescript@5.7.3", "", { "bin": { "tsc": "bin/tsc", "tsserver": "bin/tsserver" } }, "sha512-84MVSjMEHP+FQRPy3pX9sTVV/INIex71s9TL2Gm5FG/WG1SqXeKyZ0k7/blY/4FdOzI12CBy1vGc4og/eus0fw=="],
  }
}
